
Microsoft Visual Studio Solution File, Format Version 12.00
# Visual Studio Version 17
VisualStudioVersion = 17.6.33829.357
MinimumVisualStudioVersion = 10.0.40219.1
Project("{9A19103F-16F7-4668-BE54-9A1E7A4F7556}") = "Classes", "Classes\Classes.csproj", "{9EFB9CD4-F636-4312-B880-81B0D3C33AD6}"
EndProject
Project("{9A19103F-16F7-4668-BE54-9A1E7A4F7556}") = "DB_First", "DB_First\DB_First.csproj", "{6FD0AF96-34B6-4AB3-8F15-6EB3B581D935}"
EndProject
Project("{9A19103F-16F7-4668-BE54-9A1E7A4F7556}") = "CD_First", "CD_First\CD_First.csproj", "{1CBECD5C-CC10-4C4F-98A6-6FD10D7197BE}"
EndProject
Project("{9A19103F-16F7-4668-BE54-9A1E7A4F7556}") = "School_System", "School_System\School_System.csproj", "{B2D13B80-DD39-4812-A9DF-02B3CB2CA936}"
EndProject
Global
	GlobalSection(SolutionConfigurationPlatforms) = preSolution
		Debug|Any CPU = Debug|Any CPU
		Release|Any CPU = Release|Any CPU
	EndGlobalSection
	GlobalSection(ProjectConfigurationPlatforms) = postSolution
		{9EFB9CD4-F636-4312-B880-81B0D3C33AD6}.Debug|Any CPU.ActiveCfg = Debug|Any CPU
		{9EFB9CD4-F636-4312-B880-81B0D3C33AD6}.Debug|Any CPU.Build.0 = Debug|Any CPU
		{9EFB9CD4-F636-4312-B880-81B0D3C33AD6}.Release|Any CPU.ActiveCfg = Release|Any CPU
		{9EFB9CD4-F636-4312-B880-81B0D3C33AD6}.Release|Any CPU.Build.0 = Release|Any CPU
		{6FD0AF96-34B6-4AB3-8F15-6EB3B581D935}.Debug|Any CPU.ActiveCfg = Debug|Any CPU
		{6FD0AF96-34B6-4AB3-8F15-6EB3B581D935}.Debug|Any CPU.Build.0 = Debug|Any CPU
		{6FD0AF96-34B6-4AB3-8F15-6EB3B581D935}.Release|Any CPU.ActiveCfg = Release|Any CPU
		{6FD0AF96-34B6-4AB3-8F15-6EB3B581D935}.Release|Any CPU.Build.0 = Release|Any CPU
		{1CBECD5C-CC10-4C4F-98A6-6FD10D7197BE}.Debug|Any CPU.ActiveCfg = Debug|Any CPU
		{1CBECD5C-CC10-4C4F-98A6-6FD10D7197BE}.Debug|Any CPU.Build.0 = Debug|Any CPU
		{1CBECD5C-CC10-4C4F-98A6-6FD10D7197BE}.Release|Any CPU.ActiveCfg = Release|Any CPU
		{1CBECD5C-CC10-4C4F-98A6-6FD10D7197BE}.Release|Any CPU.Build.0 = Release|Any CPU
		{B2D13B80-DD39-4812-A9DF-02B3CB2CA936}.Debug|Any CPU.ActiveCfg = Debug|Any CPU
		{B2D13B80-DD39-4812-A9DF-02B3CB2CA936}.Debug|Any CPU.Build.0 = Debug|Any CPU
		{B2D13B80-DD39-4812-A9DF-02B3CB2CA936}.Release|Any CPU.ActiveCfg = Release|Any CPU
		{B2D13B80-DD39-4812-A9DF-02B3CB2CA936}.Release|Any CPU.Build.0 = Release|Any CPU
	EndGlobalSection
	GlobalSection(SolutionProperties) = preSolution
		HideSolutionNode = FALSE
	EndGlobalSection
	GlobalSection(ExtensibilityGlobals) = postSolution
		SolutionGuid = {DF52472D-B5C0-477E-9B2C-E7D6904D024E}
	EndGlobalSection
EndGlobal
